
Microsoft Visual Studio Solution File, Format Version 12.00
# Visual Studio Version 16
VisualStudioVersion = 16.0.30523.141
MinimumVisualStudioVersion = 10.0.40219.1
Project("{FAE04EC0-301F-11D3-BF4B-00C04F79EFBC}") = "Buoi_2", "Buoi_2.csproj", "{AC1DAFDF-EFDA-4CF0-92C9-8409628FDC21}"
EndProject
Global
	GlobalSection(SolutionConfigurationPlatforms) = preSolution
		Debug|Any CPU = Debug|Any CPU
		Release|Any CPU = Release|Any CPU
	EndGlobalSection
	GlobalSection(ProjectConfigurationPlatforms) = postSolution
		{AC1DAFDF-EFDA-4CF0-92C9-8409628FDC21}.Debug|Any CPU.ActiveCfg = Debug|Any CPU
		{AC1DAFDF-EFDA-4CF0-92C9-8409628FDC21}.Debug|Any CPU.Build.0 = Debug|Any CPU
		{AC1DAFDF-EFDA-4CF0-92C9-8409628FDC21}.Release|Any CPU.ActiveCfg = Release|Any CPU
		{AC1DAFDF-EFDA-4CF0-92C9-8409628FDC21}.Release|Any CPU.Build.0 = Release|Any CPU
	EndGlobalSection
	GlobalSection(SolutionProperties) = preSolution
		HideSolutionNode = FALSE
	EndGlobalSection
	GlobalSection(ExtensibilityGlobals) = postSolution
		SolutionGuid = {20B2BA32-8EB6-400A-8A13-FF6B37C6B2E9}
	EndGlobalSection
EndGlobal
